
Microsoft Visual Studio Solution File, Format Version 12.00
# Visual Studio 15
VisualStudioVersion = 15.0.27130.2010
MinimumVisualStudioVersion = 10.0.40219.1
Project("{9A19103F-16F7-4668-BE54-9A1E7A4F7556}") = "FileSplit", "FileSplit\FileSplit.csproj", "{4B55214F-4039-4231-8E86-EFE3DEE00F07}"
EndProject
Project("{9A19103F-16F7-4668-BE54-9A1E7A4F7556}") = "Split", "Split\Split.csproj", "{18A352E6-4584-4876-A294-F4381EC4D79C}"
EndProject
Project("{9A19103F-16F7-4668-BE54-9A1E7A4F7556}") = "Join", "Join\Join.csproj", "{20F60499-5CBB-4A72-8BBF-2B4A97C022FB}"
EndProject
Project("{9A19103F-16F7-4668-BE54-9A1E7A4F7556}") = "Common", "Common\Common.csproj", "{11A05373-1766-449F-8DBE-71CB91E4A414}"
EndProject
Global
	GlobalSection(SolutionConfigurationPlatforms) = preSolution
		Debug|Any CPU = Debug|Any CPU
		Release|Any CPU = Release|Any CPU
	EndGlobalSection
	GlobalSection(ProjectConfigurationPlatforms) = postSolution
		{4B55214F-4039-4231-8E86-EFE3DEE00F07}.Debug|Any CPU.ActiveCfg = Debug|Any CPU
		{4B55214F-4039-4231-8E86-EFE3DEE00F07}.Debug|Any CPU.Build.0 = Debug|Any CPU
		{4B55214F-4039-4231-8E86-EFE3DEE00F07}.Release|Any CPU.ActiveCfg = Release|Any CPU
		{4B55214F-4039-4231-8E86-EFE3DEE00F07}.Release|Any CPU.Build.0 = Release|Any CPU
		{18A352E6-4584-4876-A294-F4381EC4D79C}.Debug|Any CPU.ActiveCfg = Debug|Any CPU
		{18A352E6-4584-4876-A294-F4381EC4D79C}.Debug|Any CPU.Build.0 = Debug|Any CPU
		{18A352E6-4584-4876-A294-F4381EC4D79C}.Release|Any CPU.ActiveCfg = Release|Any CPU
		{18A352E6-4584-4876-A294-F4381EC4D79C}.Release|Any CPU.Build.0 = Release|Any CPU
		{20F60499-5CBB-4A72-8BBF-2B4A97C022FB}.Debug|Any CPU.ActiveCfg = Debug|Any CPU
		{20F60499-5CBB-4A72-8BBF-2B4A97C022FB}.Debug|Any CPU.Build.0 = Debug|Any CPU
		{20F60499-5CBB-4A72-8BBF-2B4A97C022FB}.Release|Any CPU.ActiveCfg = Release|Any CPU
		{20F60499-5CBB-4A72-8BBF-2B4A97C022FB}.Release|Any CPU.Build.0 = Release|Any CPU
		{11A05373-1766-449F-8DBE-71CB91E4A414}.Debug|Any CPU.ActiveCfg = Debug|Any CPU
		{11A05373-1766-449F-8DBE-71CB91E4A414}.Debug|Any CPU.Build.0 = Debug|Any CPU
		{11A05373-1766-449F-8DBE-71CB91E4A414}.Release|Any CPU.ActiveCfg = Release|Any CPU
		{11A05373-1766-449F-8DBE-71CB91E4A414}.Release|Any CPU.Build.0 = Release|Any CPU
	EndGlobalSection
	GlobalSection(SolutionProperties) = preSolution
		HideSolutionNode = FALSE
	EndGlobalSection
	GlobalSection(ExtensibilityGlobals) = postSolution
		SolutionGuid = {2C7FE47F-C33D-4717-B000-BCADB4051E1A}
	EndGlobalSection
EndGlobal
